
Microsoft Visual Studio Solution File, Format Version 12.00
# Visual Studio Version 17
VisualStudioVersion = 17.10.35027.167
MinimumVisualStudioVersion = 10.0.40219.1
Project("{FAE04EC0-301F-11D3-BF4B-00C04F79EFBC}") = "QuipuWorkItem", "QuipuWorkItem\QuipuWorkItem.csproj", "{56720E86-0501-425B-9A91-8F7A9253400C}"
EndProject
Project("{2150E333-8FDC-42A3-9474-1A3956D46DE8}") = "Solution Items", "Solution Items", "{E18E344B-31C3-4B37-A705-0361C5F7EC14}"
EndProject
Global
	GlobalSection(SolutionConfigurationPlatforms) = preSolution
		Debug|Any CPU = Debug|Any CPU
		Release|Any CPU = Release|Any CPU
	EndGlobalSection
	GlobalSection(ProjectConfigurationPlatforms) = postSolution
		{56720E86-0501-425B-9A91-8F7A9253400C}.Debug|Any CPU.ActiveCfg = Debug|Any CPU
		{56720E86-0501-425B-9A91-8F7A9253400C}.Debug|Any CPU.Build.0 = Debug|Any CPU
		{56720E86-0501-425B-9A91-8F7A9253400C}.Release|Any CPU.ActiveCfg = Release|Any CPU
		{56720E86-0501-425B-9A91-8F7A9253400C}.Release|Any CPU.Build.0 = Release|Any CPU
	EndGlobalSection
	GlobalSection(SolutionProperties) = preSolution
		HideSolutionNode = FALSE
	EndGlobalSection
	GlobalSection(ExtensibilityGlobals) = postSolution
		SolutionGuid = {960659BE-9462-46D5-929D-87D973771D6C}
	EndGlobalSection
EndGlobal
